// !$*UTF8*$!
{
	archiveVersion = 1;
	classes = {
	};
	objectVersion = 56;
	objects = {

/* Begin PBXBuildFile section */
		A87FB26029902BAE00357797 /* Food.swift in Sources */ = {isa = PBXBuildFile; fileRef = A87FB25F29902BAE00357797 /* Food.swift */; };
		A87FB26229902D6800357797 /* Order.swift in Sources */ = {isa = PBXBuildFile; fileRef = A87FB26129902D6800357797 /* Order.swift */; };
		A892EE95298D1AFE0051378F /* AppDelegate.swift in Sources */ = {isa = PBXBuildFile; fileRef = A892EE94298D1AFE0051378F /* AppDelegate.swift */; };
		A892EE97298D1AFE0051378F /* SceneDelegate.swift in Sources */ = {isa = PBXBuildFile; fileRef = A892EE96298D1AFE0051378F /* SceneDelegate.swift */; };
		A892EE99298D1AFE0051378F /* ViewController.swift in Sources */ = {isa = PBXBuildFile; fileRef = A892EE98298D1AFE0051378F /* ViewController.swift */; };
		A892EE9C298D1AFE0051378F /* Main.storyboard in Resources */ = {isa = PBXBuildFile; fileRef = A892EE9A298D1AFE0051378F /* Main.storyboard */; };
		A892EE9E298D1B000051378F /* Assets.xcassets in Resources */ = {isa = PBXBuildFile; fileRef = A892EE9D298D1B000051378F /* Assets.xcassets */; };
		A892EEA1298D1B000051378F /* LaunchScreen.storyboard in Resources */ = {isa = PBXBuildFile; fileRef = A892EE9F298D1B000051378F /* LaunchScreen.storyboard */; };
		A892EEAC298D1B010051378F /* Lesson_9_10_UINavigationViewController___UIBarButtonItem___Ordering_pizzaTests.swift in Sources */ = {isa = PBXBuildFile; fileRef = A892EEAB298D1B010051378F /* Lesson_9_10_UINavigationViewController___UIBarButtonItem___Ordering_pizzaTests.swift */; };
		A892EEB6298D1B010051378F /* Lesson_9_10_UINavigationViewController___UIBarButtonItem___Ordering_pizzaUITests.swift in Sources */ = {isa = PBXBuildFile; fileRef = A892EEB5298D1B010051378F /* Lesson_9_10_UINavigationViewController___UIBarButtonItem___Ordering_pizzaUITests.swift */; };
		A892EEB8298D1B010051378F /* Lesson_9_10_UINavigationViewController___UIBarButtonItem___Ordering_pizzaUITestsLaunchTests.swift in Sources */ = {isa = PBXBuildFile; fileRef = A892EEB7298D1B010051378F /* Lesson_9_10_UINavigationViewController___UIBarButtonItem___Ordering_pizzaUITestsLaunchTests.swift */; };
		A892EEC7298D1BE40051378F /* Pizza.swift in Sources */ = {isa = PBXBuildFile; fileRef = A892EEC6298D1BE40051378F /* Pizza.swift */; };
		A892EEC9298D1C480051378F /* Feature.swift in Sources */ = {isa = PBXBuildFile; fileRef = A892EEC8298D1C480051378F /* Feature.swift */; };
/* End PBXBuildFile section */

/* Begin PBXContainerItemProxy section */
		A892EEA8298D1B010051378F /* PBXContainerItemProxy */ = {
			isa = PBXContainerItemProxy;
			containerPortal = A892EE89298D1AFE0051378F /* Project object */;
			proxyType = 1;
			remoteGlobalIDString = A892EE90298D1AFE0051378F;
			remoteInfo = "Lesson 9-10 UINavigationViewController + UIBarButtonItem - Ordering pizza";
		};
		A892EEB2298D1B010051378F /* PBXContainerItemProxy */ = {
			isa = PBXContainerItemProxy;
			containerPortal = A892EE89298D1AFE0051378F /* Project object */;
			proxyType = 1;
			remoteGlobalIDString = A892EE90298D1AFE0051378F;
			remoteInfo = "Lesson 9-10 UINavigationViewController + UIBarButtonItem - Ordering pizza";
		};
/* End PBXContainerItemProxy section */

/* Begin PBXFileReference section */
		A87FB25F29902BAE00357797 /* Food.swift */ = {isa = PBXFileReference; lastKnownFileType = sourcecode.swift; path = Food.swift; sourceTree = "<group>"; };
		A87FB26129902D6800357797 /* Order.swift */ = {isa = PBXFileReference; fileEncoding = 4; lastKnownFileType = sourcecode.swift; path = Order.swift; sourceTree = "<group>"; };
		A892EE91298D1AFE0051378F /* Lesson 9-10 UINavigationViewController + UIBarButtonItem - Ordering pizza.app */ = {isa = PBXFileReference; explicitFileType = wrapper.application; includeInIndex = 0; path = "Lesson 9-10 UINavigationViewController + UIBarButtonItem - Ordering pizza.app"; sourceTree = BUILT_PRODUCTS_DIR; };
		A892EE94298D1AFE0051378F /* AppDelegate.swift */ = {isa = PBXFileReference; lastKnownFileType = sourcecode.swift; path = AppDelegate.swift; sourceTree = "<group>"; };
		A892EE96298D1AFE0051378F /* SceneDelegate.swift */ = {isa = PBXFileReference; lastKnownFileType = sourcecode.swift; path = SceneDelegate.swift; sourceTree = "<group>"; };
		A892EE98298D1AFE0051378F /* ViewController.swift */ = {isa = PBXFileReference; lastKnownFileType = sourcecode.swift; path = ViewController.swift; sourceTree = "<group>"; };
		A892EE9B298D1AFE0051378F /* Base */ = {isa = PBXFileReference; lastKnownFileType = file.storyboard; name = Base; path = Base.lproj/Main.storyboard; sourceTree = "<group>"; };
		A892EE9D298D1B000051378F /* Assets.xcassets */ = {isa = PBXFileReference; lastKnownFileType = folder.assetcatalog; path = Assets.xcassets; sourceTree = "<group>"; };
		A892EEA0298D1B000051378F /* Base */ = {isa = PBXFileReference; lastKnownFileType = file.storyboard; name = Base; path = Base.lproj/LaunchScreen.storyboard; sourceTree = "<group>"; };
		A892EEA2298D1B000051378F /* Info.plist */ = {isa = PBXFileReference; lastKnownFileType = text.plist.xml; path = Info.plist; sourceTree = "<group>"; };
		A892EEA7298D1B010051378F /* Lesson 9-10 UINavigationViewController + UIBarButtonItem - Ordering pizzaTests.xctest */ = {isa = PBXFileReference; explicitFileType = wrapper.cfbundle; includeInIndex = 0; path = "Lesson 9-10 UINavigationViewController + UIBarButtonItem - Ordering pizzaTests.xctest"; sourceTree = BUILT_PRODUCTS_DIR; };
		A892EEAB298D1B010051378F /* Lesson_9_10_UINavigationViewController___UIBarButtonItem___Ordering_pizzaTests.swift */ = {isa = PBXFileReference; lastKnownFileType = sourcecode.swift; path = "Lesson_9_10_UINavigationViewController___UIBarButtonItem___Ordering_pizzaTests.swift"; sourceTree = "<group>"; };
		A892EEB1298D1B010051378F /* Lesson 9-10 UINavigationViewController + UIBarButtonItem - Ordering pizzaUITests.xctest */ = {isa = PBXFileReference; explicitFileType = wrapper.cfbundle; includeInIndex = 0; path = "Lesson 9-10 UINavigationViewController + UIBarButtonItem - Ordering pizzaUITests.xctest"; sourceTree = BUILT_PRODUCTS_DIR; };
		A892EEB5298D1B010051378F /* Lesson_9_10_UINavigationViewController___UIBarButtonItem___Ordering_pizzaUITests.swift */ = {isa = PBXFileReference; lastKnownFileType = sourcecode.swift; path = "Lesson_9_10_UINavigationViewController___UIBarButtonItem___Ordering_pizzaUITests.swift"; sourceTree = "<group>"; };
		A892EEB7298D1B010051378F /* Lesson_9_10_UINavigationViewController___UIBarButtonItem___Ordering_pizzaUITestsLaunchTests.swift */ = {isa = PBXFileReference; lastKnownFileType = sourcecode.swift; path = "Lesson_9_10_UINavigationViewController___UIBarButtonItem___Ordering_pizzaUITestsLaunchTests.swift"; sourceTree = "<group>"; };
		A892EEC6298D1BE40051378F /* Pizza.swift */ = {isa = PBXFileReference; lastKnownFileType = sourcecode.swift; path = Pizza.swift; sourceTree = "<group>"; };
		A892EEC8298D1C480051378F /* Feature.swift */ = {isa = PBXFileReference; lastKnownFileType = sourcecode.swift; path = Feature.swift; sourceTree = "<group>"; };
/* End PBXFileReference section */

/* Begin PBXFrameworksBuildPhase section */
		A892EE8E298D1AFE0051378F /* Frameworks */ = {
			isa = PBXFrameworksBuildPhase;
			buildActionMask = 2147483647;
			files = (
			);
			runOnlyForDeploymentPostprocessing = 0;
		};
		A892EEA4298D1B010051378F /* Frameworks */ = {
			isa = PBXFrameworksBuildPhase;
			buildActionMask = 2147483647;
			files = (
			);
			runOnlyForDeploymentPostprocessing = 0;
		};
		A892EEAE298D1B010051378F /* Frameworks */ = {
			isa = PBXFrameworksBuildPhase;
			buildActionMask = 2147483647;
			files = (
			);
			runOnlyForDeploymentPostprocessing = 0;
		};
/* End PBXFrameworksBuildPhase section */

/* Begin PBXGroup section */
		A892EE88298D1AFE0051378F = {
			isa = PBXGroup;
			children = (
				A892EE93298D1AFE0051378F /* Lesson 9-10 UINavigationViewController + UIBarButtonItem - Ordering pizza */,
				A892EEAA298D1B010051378F /* Lesson 9-10 UINavigationViewController + UIBarButtonItem - Ordering pizzaTests */,
				A892EEB4298D1B010051378F /* Lesson 9-10 UINavigationViewController + UIBarButtonItem - Ordering pizzaUITests */,
				A892EE92298D1AFE0051378F /* Products */,
			);
			sourceTree = "<group>";
		};
		A892EE92298D1AFE0051378F /* Products */ = {
			isa = PBXGroup;
			children = (
				A892EE91298D1AFE0051378F /* Lesson 9-10 UINavigationViewController + UIBarButtonItem - Ordering pizza.app */,
				A892EEA7298D1B010051378F /* Lesson 9-10 UINavigationViewController + UIBarButtonItem - Ordering pizzaTests.xctest */,
				A892EEB1298D1B010051378F /* Lesson 9-10 UINavigationViewController + UIBarButtonItem - Ordering pizzaUITests.xctest */,
			);
			name = Products;
			sourceTree = "<group>";
		};
		A892EE93298D1AFE0051378F /* Lesson 9-10 UINavigationViewController + UIBarButtonItem - Ordering pizza */ = {
			isa = PBXGroup;
			children = (
				A892EE94298D1AFE0051378F /* AppDelegate.swift */,
				A892EE96298D1AFE0051378F /* SceneDelegate.swift */,
				A892EE98298D1AFE0051378F /* ViewController.swift */,
				A892EEC6298D1BE40051378F /* Pizza.swift */,
				A892EEC8298D1C480051378F /* Feature.swift */,
				A892EE9A298D1AFE0051378F /* Main.storyboard */,
				A87FB26129902D6800357797 /* Order.swift */,
				A87FB25F29902BAE00357797 /* Food.swift */,
				A892EE9D298D1B000051378F /* Assets.xcassets */,
				A892EE9F298D1B000051378F /* LaunchScreen.storyboard */,
				A892EEA2298D1B000051378F /* Info.plist */,
			);
			path = "Lesson 9-10 UINavigationViewController + UIBarButtonItem - Ordering pizza";
			sourceTree = "<group>";
		};
		A892EEAA298D1B010051378F /* Lesson 9-10 UINavigationViewController + UIBarButtonItem - Ordering pizzaTests */ = {
			isa = PBXGroup;
			children = (
				A892EEAB298D1B010051378F /* Lesson_9_10_UINavigationViewController___UIBarButtonItem___Ordering_pizzaTests.swift */,
			);
			path = "Lesson 9-10 UINavigationViewController + UIBarButtonItem - Ordering pizzaTests";
			sourceTree = "<group>";
		};
		A892EEB4298D1B010051378F /* Lesson 9-10 UINavigationViewController + UIBarButtonItem - Ordering pizzaUITests */ = {
			isa = PBXGroup;
			children = (
				A892EEB5298D1B010051378F /* Lesson_9_10_UINavigationViewController___UIBarButtonItem___Ordering_pizzaUITests.swift */,
				A892EEB7298D1B010051378F /* Lesson_9_10_UINavigationViewController___UIBarButtonItem___Ordering_pizzaUITestsLaunchTests.swift */,
			);
			path = "Lesson 9-10 UINavigationViewController + UIBarButtonItem - Ordering pizzaUITests";
			sourceTree = "<group>";
		};
/* End PBXGroup section */

/* Begin PBXNativeTarget section */
		A892EE90298D1AFE0051378F /* Lesson 9-10 UINavigationViewController + UIBarButtonItem - Ordering pizza */ = {
			isa = PBXNativeTarget;
			buildConfigurationList = A892EEBB298D1B010051378F /* Build configuration list for PBXNativeTarget "Lesson 9-10 UINavigationViewController + UIBarButtonItem - Ordering pizza" */;
			buildPhases = (
				A892EE8D298D1AFE0051378F /* Sources */,
				A892EE8E298D1AFE0051378F /* Frameworks */,
				A892EE8F298D1AFE0051378F /* Resources */,
			);
			buildRules = (
			);
			dependencies = (
			);
			name = "Lesson 9-10 UINavigationViewController + UIBarButtonItem - Ordering pizza";
			productName = "Lesson 9-10 UINavigationViewController + UIBarButtonItem - Ordering pizza";
			productReference = A892EE91298D1AFE0051378F /* Lesson 9-10 UINavigationViewController + UIBarButtonItem - Ordering pizza.app */;
			productType = "com.apple.product-type.application";
		};
		A892EEA6298D1B010051378F /* Lesson 9-10 UINavigationViewController + UIBarButtonItem - Ordering pizzaTests */ = {
			isa = PBXNativeTarget;
			buildConfigurationList = A892EEBE298D1B010051378F /* Build configuration list for PBXNativeTarget "Lesson 9-10 UINavigationViewController + UIBarButtonItem - Ordering pizzaTests" */;
			buildPhases = (
				A892EEA3298D1B010051378F /* Sources */,
				A892EEA4298D1B010051378F /* Frameworks */,
				A892EEA5298D1B010051378F /* Resources */,
			);
			buildRules = (
			);
			dependencies = (
				A892EEA9298D1B010051378F /* PBXTargetDependency */,
			);
			name = "Lesson 9-10 UINavigationViewController + UIBarButtonItem - Ordering pizzaTests";
			productName = "Lesson 9-10 UINavigationViewController + UIBarButtonItem - Ordering pizzaTests";
			productReference = A892EEA7298D1B010051378F /* Lesson 9-10 UINavigationViewController + UIBarButtonItem - Ordering pizzaTests.xctest */;
			productType = "com.apple.product-type.bundle.unit-test";
		};
		A892EEB0298D1B010051378F /* Lesson 9-10 UINavigationViewController + UIBarButtonItem - Ordering pizzaUITests */ = {
			isa = PBXNativeTarget;
			buildConfigurationList = A892EEC1298D1B010051378F /* Build configuration list for PBXNativeTarget "Lesson 9-10 UINavigationViewController + UIBarButtonItem - Ordering pizzaUITests" */;
			buildPhases = (
				A892EEAD298D1B010051378F /* Sources */,
				A892EEAE298D1B010051378F /* Frameworks */,
				A892EEAF298D1B010051378F /* Resources */,
			);
			buildRules = (
			);
			dependencies = (
				A892EEB3298D1B010051378F /* PBXTargetDependency */,
			);
			name = "Lesson 9-10 UINavigationViewController + UIBarButtonItem - Ordering pizzaUITests";
			productName = "Lesson 9-10 UINavigationViewController + UIBarButtonItem - Ordering pizzaUITests";
			productReference = A892EEB1298D1B010051378F /* Lesson 9-10 UINavigationViewController + UIBarButtonItem - Ordering pizzaUITests.xctest */;
			productType = "com.apple.product-type.bundle.ui-testing";
		};
/* End PBXNativeTarget section */

/* Begin PBXProject section */
		A892EE89298D1AFE0051378F /* Project object */ = {
			isa = PBXProject;
			attributes = {
				BuildIndependentTargetsInParallel = 1;
				LastSwiftUpdateCheck = 1410;
				LastUpgradeCheck = 1410;
				TargetAttributes = {
					A892EE90298D1AFE0051378F = {
						CreatedOnToolsVersion = 14.1;
					};
					A892EEA6298D1B010051378F = {
						CreatedOnToolsVersion = 14.1;
						TestTargetID = A892EE90298D1AFE0051378F;
					};
					A892EEB0298D1B010051378F = {
						CreatedOnToolsVersion = 14.1;
						TestTargetID = A892EE90298D1AFE0051378F;
					};
				};
			};
			buildConfigurationList = A892EE8C298D1AFE0051378F /* Build configuration list for PBXProject "Lesson 9-10 UINavigationViewController + UIBarButtonItem - Ordering pizza" */;
			compatibilityVersion = "Xcode 14.0";
			developmentRegion = en;
			hasScannedForEncodings = 0;
			knownRegions = (
				en,
				Base,
			);
			mainGroup = A892EE88298D1AFE0051378F;
			productRefGroup = A892EE92298D1AFE0051378F /* Products */;
			projectDirPath = "";
			projectRoot = "";
			targets = (
				A892EE90298D1AFE0051378F /* Lesson 9-10 UINavigationViewController + UIBarButtonItem - Ordering pizza */,
				A892EEA6298D1B010051378F /* Lesson 9-10 UINavigationViewController + UIBarButtonItem - Ordering pizzaTests */,
				A892EEB0298D1B010051378F /* Lesson 9-10 UINavigationViewController + UIBarButtonItem - Ordering pizzaUITests */,
			);
		};
/* End PBXProject section */

/* Begin PBXResourcesBuildPhase section */
		A892EE8F298D1AFE0051378F /* Resources */ = {
			isa = PBXResourcesBuildPhase;
			buildActionMask = 2147483647;
			files = (
				A892EEA1298D1B000051378F /* LaunchScreen.storyboard in Resources */,
				A892EE9E298D1B000051378F /* Assets.xcassets in Resources */,
				A892EE9C298D1AFE0051378F /* Main.storyboard in Resources */,
			);
			runOnlyForDeploymentPostprocessing = 0;
		};
		A892EEA5298D1B010051378F /* Resources */ = {
			isa = PBXResourcesBuildPhase;
			buildActionMask = 2147483647;
			files = (
			);
			runOnlyForDeploymentPostprocessing = 0;
		};
		A892EEAF298D1B010051378F /* Resources */ = {
			isa = PBXResourcesBuildPhase;
			buildActionMask = 2147483647;
			files = (
			);
			runOnlyForDeploymentPostprocessing = 0;
		};
/* End PBXResourcesBuildPhase section */

/* Begin PBXSourcesBuildPhase section */
		A892EE8D298D1AFE0051378F /* Sources */ = {
			isa = PBXSourcesBuildPhase;
			buildActionMask = 2147483647;
			files = (
				A892EEC9298D1C480051378F /* Feature.swift in Sources */,
				A892EE99298D1AFE0051378F /* ViewController.swift in Sources */,
				A892EE95298D1AFE0051378F /* AppDelegate.swift in Sources */,
				A892EEC7298D1BE40051378F /* Pizza.swift in Sources */,
				A892EE97298D1AFE0051378F /* SceneDelegate.swift in Sources */,
				A87FB26029902BAE00357797 /* Food.swift in Sources */,
				A87FB26229902D6800357797 /* Order.swift in Sources */,
			);
			runOnlyForDeploymentPostprocessing = 0;
		};
		A892EEA3298D1B010051378F /* Sources */ = {
			isa = PBXSourcesBuildPhase;
			buildActionMask = 2147483647;
			files = (
				A892EEAC298D1B010051378F /* Lesson_9_10_UINavigationViewController___UIBarButtonItem___Ordering_pizzaTests.swift in Sources */,
			);
			runOnlyForDeploymentPostprocessing = 0;
		};
		A892EEAD298D1B010051378F /* Sources */ = {
			isa = PBXSourcesBuildPhase;
			buildActionMask = 2147483647;
			files = (
				A892EEB6298D1B010051378F /* Lesson_9_10_UINavigationViewController___UIBarButtonItem___Ordering_pizzaUITests.swift in Sources */,
				A892EEB8298D1B010051378F /* Lesson_9_10_UINavigationViewController___UIBarButtonItem___Ordering_pizzaUITestsLaunchTests.swift in Sources */,
			);
			runOnlyForDeploymentPostprocessing = 0;
		};
/* End PBXSourcesBuildPhase section */

/* Begin PBXTargetDependency section */
		A892EEA9298D1B010051378F /* PBXTargetDependency */ = {
			isa = PBXTargetDependency;
			target = A892EE90298D1AFE0051378F /* Lesson 9-10 UINavigationViewController + UIBarButtonItem - Ordering pizza */;
			targetProxy = A892EEA8298D1B010051378F /* PBXContainerItemProxy */;
		};
		A892EEB3298D1B010051378F /* PBXTargetDependency */ = {
			isa = PBXTargetDependency;
			target = A892EE90298D1AFE0051378F /* Lesson 9-10 UINavigationViewController + UIBarButtonItem - Ordering pizza */;
			targetProxy = A892EEB2298D1B010051378F /* PBXContainerItemProxy */;
		};
/* End PBXTargetDependency section */

/* Begin PBXVariantGroup section */
		A892EE9A298D1AFE0051378F /* Main.storyboard */ = {
			isa = PBXVariantGroup;
			children = (
				A892EE9B298D1AFE0051378F /* Base */,
			);
			name = Main.storyboard;
			sourceTree = "<group>";
		};
		A892EE9F298D1B000051378F /* LaunchScreen.storyboard */ = {
			isa = PBXVariantGroup;
			children = (
				A892EEA0298D1B000051378F /* Base */,
			);
			name = LaunchScreen.storyboard;
			sourceTree = "<group>";
		};
/* End PBXVariantGroup section */

/* Begin XCBuildConfiguration section */
		A892EEB9298D1B010051378F /* Debug */ = {
			isa = XCBuildConfiguration;
			buildSettings = {
				ALWAYS_SEARCH_USER_PATHS = NO;
				CLANG_ANALYZER_NONNULL = YES;
				CLANG_ANALYZER_NUMBER_OBJECT_CONVERSION = YES_AGGRESSIVE;
				CLANG_CXX_LANGUAGE_STANDARD = "gnu++20";
				CLANG_ENABLE_MODULES = YES;
				CLANG_ENABLE_OBJC_ARC = YES;
				CLANG_ENABLE_OBJC_WEAK = YES;
				CLANG_WARN_BLOCK_CAPTURE_AUTORELEASING = YES;
				CLANG_WARN_BOOL_CONVERSION = YES;
				CLANG_WARN_COMMA = YES;
				CLANG_WARN_CONSTANT_CONVERSION = YES;
				CLANG_WARN_DEPRECATED_OBJC_IMPLEMENTATIONS = YES;
				CLANG_WARN_DIRECT_OBJC_ISA_USAGE = YES_ERROR;
				CLANG_WARN_DOCUMENTATION_COMMENTS = YES;
				CLANG_WARN_EMPTY_BODY = YES;
				CLANG_WARN_ENUM_CONVERSION = YES;
				CLANG_WARN_INFINITE_RECURSION = YES;
				CLANG_WARN_INT_CONVERSION = YES;
				CLANG_WARN_NON_LITERAL_NULL_CONVERSION = YES;
				CLANG_WARN_OBJC_IMPLICIT_RETAIN_SELF = YES;
				CLANG_WARN_OBJC_LITERAL_CONVERSION = YES;
				CLANG_WARN_OBJC_ROOT_CLASS = YES_ERROR;
				CLANG_WARN_QUOTED_INCLUDE_IN_FRAMEWORK_HEADER = YES;
				CLANG_WARN_RANGE_LOOP_ANALYSIS = YES;
				CLANG_WARN_STRICT_PROTOTYPES = YES;
				CLANG_WARN_SUSPICIOUS_MOVE = YES;
				CLANG_WARN_UNGUARDED_AVAILABILITY = YES_AGGRESSIVE;
				CLANG_WARN_UNREACHABLE_CODE = YES;
				CLANG_WARN__DUPLICATE_METHOD_MATCH = YES;
				COPY_PHASE_STRIP = NO;
				DEBUG_INFORMATION_FORMAT = dwarf;
				ENABLE_STRICT_OBJC_MSGSEND = YES;
				ENABLE_TESTABILITY = YES;
				GCC_C_LANGUAGE_STANDARD = gnu11;
				GCC_DYNAMIC_NO_PIC = NO;
				GCC_NO_COMMON_BLOCKS = YES;
				GCC_OPTIMIZATION_LEVEL = 0;
				GCC_PREPROCESSOR_DEFINITIONS = (
					"DEBUG=1",
					"$(inherited)",
				);
				GCC_WARN_64_TO_32_BIT_CONVERSION = YES;
				GCC_WARN_ABOUT_RETURN_TYPE = YES_ERROR;
				GCC_WARN_UNDECLARED_SELECTOR = YES;
				GCC_WARN_UNINITIALIZED_AUTOS = YES_AGGRESSIVE;
				GCC_WARN_UNUSED_FUNCTION = YES;
				GCC_WARN_UNUSED_VARIABLE = YES;
				IPHONEOS_DEPLOYMENT_TARGET = 16.1;
				MTL_ENABLE_DEBUG_INFO = INCLUDE_SOURCE;
				MTL_FAST_MATH = YES;
				ONLY_ACTIVE_ARCH = YES;
				SDKROOT = iphoneos;
				SWIFT_ACTIVE_COMPILATION_CONDITIONS = DEBUG;
				SWIFT_OPTIMIZATION_LEVEL = "-Onone";
			};
			name = Debug;
		};
		A892EEBA298D1B010051378F /* Release */ = {
			isa = XCBuildConfiguration;
			buildSettings = {
				ALWAYS_SEARCH_USER_PATHS = NO;
				CLANG_ANALYZER_NONNULL = YES;
				CLANG_ANALYZER_NUMBER_OBJECT_CONVERSION = YES_AGGRESSIVE;
				CLANG_CXX_LANGUAGE_STANDARD = "gnu++20";
				CLANG_ENABLE_MODULES = YES;
				CLANG_ENABLE_OBJC_ARC = YES;
				CLANG_ENABLE_OBJC_WEAK = YES;
				CLANG_WARN_BLOCK_CAPTURE_AUTORELEASING = YES;
				CLANG_WARN_BOOL_CONVERSION = YES;
				CLANG_WARN_COMMA = YES;
				CLANG_WARN_CONSTANT_CONVERSION = YES;
				CLANG_WARN_DEPRECATED_OBJC_IMPLEMENTATIONS = YES;
				CLANG_WARN_DIRECT_OBJC_ISA_USAGE = YES_ERROR;
				CLANG_WARN_DOCUMENTATION_COMMENTS = YES;
				CLANG_WARN_EMPTY_BODY = YES;
				CLANG_WARN_ENUM_CONVERSION = YES;
				CLANG_WARN_INFINITE_RECURSION = YES;
				CLANG_WARN_INT_CONVERSION = YES;
				CLANG_WARN_NON_LITERAL_NULL_CONVERSION = YES;
				CLANG_WARN_OBJC_IMPLICIT_RETAIN_SELF = YES;
				CLANG_WARN_OBJC_LITERAL_CONVERSION = YES;
				CLANG_WARN_OBJC_ROOT_CLASS = YES_ERROR;
				CLANG_WARN_QUOTED_INCLUDE_IN_FRAMEWORK_HEADER = YES;
				CLANG_WARN_RANGE_LOOP_ANALYSIS = YES;
				CLANG_WARN_STRICT_PROTOTYPES = YES;
				CLANG_WARN_SUSPICIOUS_MOVE = YES;
				CLANG_WARN_UNGUARDED_AVAILABILITY = YES_AGGRESSIVE;
				CLANG_WARN_UNREACHABLE_CODE = YES;
				CLANG_WARN__DUPLICATE_METHOD_MATCH = YES;
				COPY_PHASE_STRIP = NO;
				DEBUG_INFORMATION_FORMAT = "dwarf-with-dsym";
				ENABLE_NS_ASSERTIONS = NO;
				ENABLE_STRICT_OBJC_MSGSEND = YES;
				GCC_C_LANGUAGE_STANDARD = gnu11;
				GCC_NO_COMMON_BLOCKS = YES;
				GCC_WARN_64_TO_32_BIT_CONVERSION = YES;
				GCC_WARN_ABOUT_RETURN_TYPE = YES_ERROR;
				GCC_WARN_UNDECLARED_SELECTOR = YES;
				GCC_WARN_UNINITIALIZED_AUTOS = YES_AGGRESSIVE;
				GCC_WARN_UNUSED_FUNCTION = YES;
				GCC_WARN_UNUSED_VARIABLE = YES;
				IPHONEOS_DEPLOYMENT_TARGET = 16.1;
				MTL_ENABLE_DEBUG_INFO = NO;
				MTL_FAST_MATH = YES;
				SDKROOT = iphoneos;
				SWIFT_COMPILATION_MODE = wholemodule;
				SWIFT_OPTIMIZATION_LEVEL = "-O";
				VALIDATE_PRODUCT = YES;
			};
			name = Release;
		};
		A892EEBC298D1B010051378F /* Debug */ = {
			isa = XCBuildConfiguration;
			buildSettings = {
				ASSETCATALOG_COMPILER_APPICON_NAME = AppIcon;
				ASSETCATALOG_COMPILER_GLOBAL_ACCENT_COLOR_NAME = AccentColor;
				CODE_SIGN_STYLE = Automatic;
				CURRENT_PROJECT_VERSION = 1;
				DEVELOPMENT_TEAM = 57P42A66UA;
				GENERATE_INFOPLIST_FILE = YES;
				INFOPLIST_FILE = "Lesson 9-10 UINavigationViewController + UIBarButtonItem - Ordering pizza/Info.plist";
				INFOPLIST_KEY_UIApplicationSupportsIndirectInputEvents = YES;
				INFOPLIST_KEY_UILaunchStoryboardName = LaunchScreen;
				INFOPLIST_KEY_UIMainStoryboardFile = Main;
				INFOPLIST_KEY_UISupportedInterfaceOrientations_iPad = "UIInterfaceOrientationPortrait UIInterfaceOrientationPortraitUpsideDown UIInterfaceOrientationLandscapeLeft UIInterfaceOrientationLandscapeRight";
				INFOPLIST_KEY_UISupportedInterfaceOrientations_iPhone = "UIInterfaceOrientationPortrait UIInterfaceOrientationLandscapeLeft UIInterfaceOrientationLandscapeRight";
				LD_RUNPATH_SEARCH_PATHS = (
					"$(inherited)",
					"@executable_path/Frameworks",
				);
				MARKETING_VERSION = 1.0;
				PRODUCT_BUNDLE_IDENTIFIER = "-.Lesson-9-10-UINavigationViewController---UIBarButtonItem---Ordering-pizza";
				PRODUCT_NAME = "$(TARGET_NAME)";
				SUPPORTED_PLATFORMS = "iphoneos iphonesimulator";
				SUPPORTS_MACCATALYST = NO;
				SUPPORTS_MAC_DESIGNED_FOR_IPHONE_IPAD = NO;
				SWIFT_EMIT_LOC_STRINGS = YES;
				SWIFT_VERSION = 5.0;
				TARGETED_DEVICE_FAMILY = 1;
			};
			name = Debug;
		};
		A892EEBD298D1B010051378F /* Release */ = {
			isa = XCBuildConfiguration;
			buildSettings = {
				ASSETCATALOG_COMPILER_APPICON_NAME = AppIcon;
				ASSETCATALOG_COMPILER_GLOBAL_ACCENT_COLOR_NAME = AccentColor;
				CODE_SIGN_STYLE = Automatic;
				CURRENT_PROJECT_VERSION = 1;
				DEVELOPMENT_TEAM = 57P42A66UA;
				GENERATE_INFOPLIST_FILE = YES;
				INFOPLIST_FILE = "Lesson 9-10 UINavigationViewController + UIBarButtonItem - Ordering pizza/Info.plist";
				INFOPLIST_KEY_UIApplicationSupportsIndirectInputEvents = YES;
				INFOPLIST_KEY_UILaunchStoryboardName = LaunchScreen;
				INFOPLIST_KEY_UIMainStoryboardFile = Main;
				INFOPLIST_KEY_UISupportedInterfaceOrientations_iPad = "UIInterfaceOrientationPortrait UIInterfaceOrientationPortraitUpsideDown UIInterfaceOrientationLandscapeLeft UIInterfaceOrientationLandscapeRight";
				INFOPLIST_KEY_UISupportedInterfaceOrientations_iPhone = "UIInterfaceOrientationPortrait UIInterfaceOrientationLandscapeLeft UIInterfaceOrientationLandscapeRight";
				LD_RUNPATH_SEARCH_PATHS = (
					"$(inherited)",
					"@executable_path/Frameworks",
				);
				MARKETING_VERSION = 1.0;
				PRODUCT_BUNDLE_IDENTIFIER = "-.Lesson-9-10-UINavigationViewController---UIBarButtonItem---Ordering-pizza";
				PRODUCT_NAME = "$(TARGET_NAME)";
				SUPPORTED_PLATFORMS = "iphoneos iphonesimulator";
				SUPPORTS_MACCATALYST = NO;
				SUPPORTS_MAC_DESIGNED_FOR_IPHONE_IPAD = NO;
				SWIFT_EMIT_LOC_STRINGS = YES;
				SWIFT_VERSION = 5.0;
				TARGETED_DEVICE_FAMILY = 1;
			};
			name = Release;
		};
		A892EEBF298D1B010051378F /* Debug */ = {
			isa = XCBuildConfiguration;
			buildSettings = {
				ALWAYS_EMBED_SWIFT_STANDARD_LIBRARIES = YES;
				BUNDLE_LOADER = "$(TEST_HOST)";
				CODE_SIGN_STYLE = Automatic;
				CURRENT_PROJECT_VERSION = 1;
				DEVELOPMENT_TEAM = 57P42A66UA;
				GENERATE_INFOPLIST_FILE = YES;
				IPHONEOS_DEPLOYMENT_TARGET = 16.1;
				MARKETING_VERSION = 1.0;
				PRODUCT_BUNDLE_IDENTIFIER = "-.Lesson-9-10-UINavigationViewController---UIBarButtonItem---Ordering-pizzaTests";
				PRODUCT_NAME = "$(TARGET_NAME)";
				SWIFT_EMIT_LOC_STRINGS = NO;
				SWIFT_VERSION = 5.0;
				TARGETED_DEVICE_FAMILY = "1,2";
				TEST_HOST = "$(BUILT_PRODUCTS_DIR)/Lesson 9-10 UINavigationViewController + UIBarButtonItem - Ordering pizza.app/$(BUNDLE_EXECUTABLE_FOLDER_PATH)/Lesson 9-10 UINavigationViewController + UIBarButtonItem - Ordering pizza";
			};
			name = Debug;
		};
		A892EEC0298D1B010051378F /* Release */ = {
			isa = XCBuildConfiguration;
			buildSettings = {
				ALWAYS_EMBED_SWIFT_STANDARD_LIBRARIES = YES;
				BUNDLE_LOADER = "$(TEST_HOST)";
				CODE_SIGN_STYLE = Automatic;
				CURRENT_PROJECT_VERSION = 1;
				DEVELOPMENT_TEAM = 57P42A66UA;
				GENERATE_INFOPLIST_FILE = YES;
				IPHONEOS_DEPLOYMENT_TARGET = 16.1;
				MARKETING_VERSION = 1.0;
				PRODUCT_BUNDLE_IDENTIFIER = "-.Lesson-9-10-UINavigationViewController---UIBarButtonItem---Ordering-pizzaTests";
				PRODUCT_NAME = "$(TARGET_NAME)";
				SWIFT_EMIT_LOC_STRINGS = NO;
				SWIFT_VERSION = 5.0;
				TARGETED_DEVICE_FAMILY = "1,2";
				TEST_HOST = "$(BUILT_PRODUCTS_DIR)/Lesson 9-10 UINavigationViewController + UIBarButtonItem - Ordering pizza.app/$(BUNDLE_EXECUTABLE_FOLDER_PATH)/Lesson 9-10 UINavigationViewController + UIBarButtonItem - Ordering pizza";
			};
			name = Release;
		};
		A892EEC2298D1B010051378F /* Debug */ = {
			isa = XCBuildConfiguration;
			buildSettings = {
				ALWAYS_EMBED_SWIFT_STANDARD_LIBRARIES = YES;
				CODE_SIGN_STYLE = Automatic;
				CURRENT_PROJECT_VERSION = 1;
				DEVELOPMENT_TEAM = 57P42A66UA;
				GENERATE_INFOPLIST_FILE = YES;
				MARKETING_VERSION = 1.0;
				PRODUCT_BUNDLE_IDENTIFIER = "-.Lesson-9-10-UINavigationViewController---UIBarButtonItem---Ordering-pizzaUITests";
				PRODUCT_NAME = "$(TARGET_NAME)";
				SWIFT_EMIT_LOC_STRINGS = NO;
				SWIFT_VERSION = 5.0;
				TARGETED_DEVICE_FAMILY = "1,2";
				TEST_TARGET_NAME = "Lesson 9-10 UINavigationViewController + UIBarButtonItem - Ordering pizza";
			};
			name = Debug;
		};
		A892EEC3298D1B010051378F /* Release */ = {
			isa = XCBuildConfiguration;
			buildSettings = {
				ALWAYS_EMBED_SWIFT_STANDARD_LIBRARIES = YES;
				CODE_SIGN_STYLE = Automatic;
				CURRENT_PROJECT_VERSION = 1;
				DEVELOPMENT_TEAM = 57P42A66UA;
				GENERATE_INFOPLIST_FILE = YES;
				MARKETING_VERSION = 1.0;
				PRODUCT_BUNDLE_IDENTIFIER = "-.Lesson-9-10-UINavigationViewController---UIBarButtonItem---Ordering-pizzaUITests";
				PRODUCT_NAME = "$(TARGET_NAME)";
				SWIFT_EMIT_LOC_STRINGS = NO;
				SWIFT_VERSION = 5.0;
				TARGETED_DEVICE_FAMILY = "1,2";
				TEST_TARGET_NAME = "Lesson 9-10 UINavigationViewController + UIBarButtonItem - Ordering pizza";
			};
			name = Release;
		};
/* End XCBuildConfiguration section */

/* Begin XCConfigurationList section */
		A892EE8C298D1AFE0051378F /* Build configuration list for PBXProject "Lesson 9-10 UINavigationViewController + UIBarButtonItem - Ordering pizza" */ = {
			isa = XCConfigurationList;
			buildConfigurations = (
				A892EEB9298D1B010051378F /* Debug */,
				A892EEBA298D1B010051378F /* Release */,
			);
			defaultConfigurationIsVisible = 0;
			defaultConfigurationName = Release;
		};
		A892EEBB298D1B010051378F /* Build configuration list for PBXNativeTarget "Lesson 9-10 UINavigationViewController + UIBarButtonItem - Ordering pizza" */ = {
			isa = XCConfigurationList;
			buildConfigurations = (
				A892EEBC298D1B010051378F /* Debug */,
				A892EEBD298D1B010051378F /* Release */,
			);
			defaultConfigurationIsVisible = 0;
			defaultConfigurationName = Release;
		};
		A892EEBE298D1B010051378F /* Build configuration list for PBXNativeTarget "Lesson 9-10 UINavigationViewController + UIBarButtonItem - Ordering pizzaTests" */ = {
			isa = XCConfigurationList;
			buildConfigurations = (
				A892EEBF298D1B010051378F /* Debug */,
				A892EEC0298D1B010051378F /* Release */,
			);
			defaultConfigurationIsVisible = 0;
			defaultConfigurationName = Release;
		};
		A892EEC1298D1B010051378F /* Build configuration list for PBXNativeTarget "Lesson 9-10 UINavigationViewController + UIBarButtonItem - Ordering pizzaUITests" */ = {
			isa = XCConfigurationList;
			buildConfigurations = (
				A892EEC2298D1B010051378F /* Debug */,
				A892EEC3298D1B010051378F /* Release */,
			);
			defaultConfigurationIsVisible = 0;
			defaultConfigurationName = Release;
		};
/* End XCConfigurationList section */
	};
	rootObject = A892EE89298D1AFE0051378F /* Project object */;
}
